
Microsoft Visual Studio Solution File, Format Version 12.00
# Visual Studio Version 17
VisualStudioVersion = 17.14.36109.1 d17.14
MinimumVisualStudioVersion = 10.0.40219.1
Project("{FAE04EC0-301F-11D3-BF4B-00C04F79EFBC}") = "Identity.Api", "Identity.Api\Identity.Api.csproj", "{3DE05007-9835-4736-B71E-B1E0CBFCE31F}"
EndProject
Global
	GlobalSection(SolutionConfigurationPlatforms) = preSolution
		Debug|Any CPU = Debug|Any CPU
		Release|Any CPU = Release|Any CPU
	EndGlobalSection
	GlobalSection(ProjectConfigurationPlatforms) = postSolution
		{3DE05007-9835-4736-B71E-B1E0CBFCE31F}.Debug|Any CPU.ActiveCfg = Debug|Any CPU
		{3DE05007-9835-4736-B71E-B1E0CBFCE31F}.Debug|Any CPU.Build.0 = Debug|Any CPU
		{3DE05007-9835-4736-B71E-B1E0CBFCE31F}.Release|Any CPU.ActiveCfg = Release|Any CPU
		{3DE05007-9835-4736-B71E-B1E0CBFCE31F}.Release|Any CPU.Build.0 = Release|Any CPU
	EndGlobalSection
	GlobalSection(SolutionProperties) = preSolution
		HideSolutionNode = FALSE
	EndGlobalSection
	GlobalSection(ExtensibilityGlobals) = postSolution
		SolutionGuid = {789D4676-0E88-42B7-B81D-F473AF261EF1}
	EndGlobalSection
EndGlobal
